
Microsoft Visual Studio Solution File, Format Version 12.00
# Visual Studio Version 16
VisualStudioVersion = 16.0.30907.101
MinimumVisualStudioVersion = 10.0.40219.1
Project("{FAE04EC0-301F-11D3-BF4B-00C04F79EFBC}") = "Battleship_Project", "Battleship\Battleship_Project.csproj", "{65E9EAF5-CECD-4E14-AF6C-7390C4018941}"
EndProject
Project("{FAE04EC0-301F-11D3-BF4B-00C04F79EFBC}") = "BattleshipUnitTests", "BattleshipUnitTests\BattleshipUnitTests.csproj", "{DA0BBF9A-E396-418C-B90C-520AA71F19B6}"
EndProject
Global
	GlobalSection(SolutionConfigurationPlatforms) = preSolution
		Debug|Any CPU = Debug|Any CPU
		Release|Any CPU = Release|Any CPU
	EndGlobalSection
	GlobalSection(ProjectConfigurationPlatforms) = postSolution
		{65E9EAF5-CECD-4E14-AF6C-7390C4018941}.Debug|Any CPU.ActiveCfg = Debug|Any CPU
		{65E9EAF5-CECD-4E14-AF6C-7390C4018941}.Debug|Any CPU.Build.0 = Debug|Any CPU
		{65E9EAF5-CECD-4E14-AF6C-7390C4018941}.Release|Any CPU.ActiveCfg = Release|Any CPU
		{65E9EAF5-CECD-4E14-AF6C-7390C4018941}.Release|Any CPU.Build.0 = Release|Any CPU
		{DA0BBF9A-E396-418C-B90C-520AA71F19B6}.Debug|Any CPU.ActiveCfg = Debug|Any CPU
		{DA0BBF9A-E396-418C-B90C-520AA71F19B6}.Debug|Any CPU.Build.0 = Debug|Any CPU
		{DA0BBF9A-E396-418C-B90C-520AA71F19B6}.Release|Any CPU.ActiveCfg = Release|Any CPU
		{DA0BBF9A-E396-418C-B90C-520AA71F19B6}.Release|Any CPU.Build.0 = Release|Any CPU
	EndGlobalSection
	GlobalSection(SolutionProperties) = preSolution
		HideSolutionNode = FALSE
	EndGlobalSection
	GlobalSection(ExtensibilityGlobals) = postSolution
		SolutionGuid = {E355A422-8EB0-40C7-8738-D9DAAE93373B}
	EndGlobalSection
EndGlobal
